// !$*UTF8*$!
{
	archiveVersion = 1;
	classes = {
	};
	objectVersion = 56;
	objects = {

/* Begin PBXBuildFile section */
		423FB93B2A61587E001C9EC5 /* team1nc3App.swift in Sources */ = {isa = PBXBuildFile; fileRef = 423FB93A2A61587E001C9EC5 /* team1nc3App.swift */; };
		423FB93D2A61587E001C9EC5 /* ContentView.swift in Sources */ = {isa = PBXBuildFile; fileRef = 423FB93C2A61587E001C9EC5 /* ContentView.swift */; };
		423FB93F2A615880001C9EC5 /* Assets.xcassets in Resources */ = {isa = PBXBuildFile; fileRef = 423FB93E2A615880001C9EC5 /* Assets.xcassets */; };
		423FB9422A615880001C9EC5 /* Preview Assets.xcassets in Resources */ = {isa = PBXBuildFile; fileRef = 423FB9412A615880001C9EC5 /* Preview Assets.xcassets */; };
		423FB9982A652ABD001C9EC5 /* Feature1View.swift in Sources */ = {isa = PBXBuildFile; fileRef = 423FB9972A652ABD001C9EC5 /* Feature1View.swift */; };
		423FB99A2A652AE1001C9EC5 /* Feature1Component1.swift in Sources */ = {isa = PBXBuildFile; fileRef = 423FB9992A652AE1001C9EC5 /* Feature1Component1.swift */; };
		423FB99C2A652B66001C9EC5 /* Feature1ViewModel.swift in Sources */ = {isa = PBXBuildFile; fileRef = 423FB99B2A652B66001C9EC5 /* Feature1ViewModel.swift */; };
		423FB99E2A652B9D001C9EC5 /* Feature1Model.swift in Sources */ = {isa = PBXBuildFile; fileRef = 423FB99D2A652B9D001C9EC5 /* Feature1Model.swift */; };
		423FB9A02A652BAB001C9EC5 /* Feature1RepositorySample.swift in Sources */ = {isa = PBXBuildFile; fileRef = 423FB99F2A652BAB001C9EC5 /* Feature1RepositorySample.swift */; };
		423FB9AB2A65BBE2001C9EC5 /* Color+Theme.swift in Sources */ = {isa = PBXBuildFile; fileRef = 423FB9AA2A65BBE2001C9EC5 /* Color+Theme.swift */; };
		423FB9D92A693002001C9EC5 /* DropdownGender.swift in Sources */ = {isa = PBXBuildFile; fileRef = 423FB9CF2A693002001C9EC5 /* DropdownGender.swift */; };
		423FB9DA2A693002001C9EC5 /* DropdownDisability.swift in Sources */ = {isa = PBXBuildFile; fileRef = 423FB9D02A693002001C9EC5 /* DropdownDisability.swift */; };
		423FB9DB2A693002001C9EC5 /* TextFieldComponent.swift in Sources */ = {isa = PBXBuildFile; fileRef = 423FB9D22A693002001C9EC5 /* TextFieldComponent.swift */; };
		423FB9DC2A693002001C9EC5 /* SheetDisability.swift in Sources */ = {isa = PBXBuildFile; fileRef = 423FB9D42A693002001C9EC5 /* SheetDisability.swift */; };
		423FB9DD2A693002001C9EC5 /* TextWithButton.swift in Sources */ = {isa = PBXBuildFile; fileRef = 423FB9D62A693002001C9EC5 /* TextWithButton.swift */; };
		423FB9DE2A693002001C9EC5 /* AccountPageViews.swift in Sources */ = {isa = PBXBuildFile; fileRef = 423FB9D82A693002001C9EC5 /* AccountPageViews.swift */; };
		423FB9E32A69308D001C9EC5 /* SettingView.swift in Sources */ = {isa = PBXBuildFile; fileRef = 423FB9E22A69308D001C9EC5 /* SettingView.swift */; };
		42B1EDDD2A6AA39D0074D221 /* HomeViewModels.swift in Sources */ = {isa = PBXBuildFile; fileRef = 42B1EDD32A6AA39D0074D221 /* HomeViewModels.swift */; };
		42B1EDDE2A6AA39D0074D221 /* MenuModel.swift in Sources */ = {isa = PBXBuildFile; fileRef = 42B1EDD52A6AA39D0074D221 /* MenuModel.swift */; };
		42B1EDDF2A6AA39D0074D221 /* PointView.swift in Sources */ = {isa = PBXBuildFile; fileRef = 42B1EDD82A6AA39D0074D221 /* PointView.swift */; };
		42B1EDE02A6AA39D0074D221 /* LifeStyleMenuView.swift in Sources */ = {isa = PBXBuildFile; fileRef = 42B1EDD92A6AA39D0074D221 /* LifeStyleMenuView.swift */; };
		42B1EDE12A6AA39D0074D221 /* MenuView.swift in Sources */ = {isa = PBXBuildFile; fileRef = 42B1EDDA2A6AA39D0074D221 /* MenuView.swift */; };
		42B1EDE22A6AA39D0074D221 /* HomeView.swift in Sources */ = {isa = PBXBuildFile; fileRef = 42B1EDDC2A6AA39D0074D221 /* HomeView.swift */; };
		8585D3432A667784007D9976 /* AssistanceListDetailViews.swift in Sources */ = {isa = PBXBuildFile; fileRef = 8585D3422A667784007D9976 /* AssistanceListDetailViews.swift */; };
		8585D3452A6677AC007D9976 /* AssitanceListDetailViewModel.swift in Sources */ = {isa = PBXBuildFile; fileRef = 8585D3442A6677AC007D9976 /* AssitanceListDetailViewModel.swift */; };
		8585D3472A6677CB007D9976 /* ProfileModel.swift in Sources */ = {isa = PBXBuildFile; fileRef = 8585D3462A6677CB007D9976 /* ProfileModel.swift */; };
		8585D3492A667830007D9976 /* ProfileRepositorySample.swift in Sources */ = {isa = PBXBuildFile; fileRef = 8585D3482A667830007D9976 /* ProfileRepositorySample.swift */; };
		8585D34E2A669F2B007D9976 /* HeightPreferenceKey.swift in Sources */ = {isa = PBXBuildFile; fileRef = 8585D34D2A669F2B007D9976 /* HeightPreferenceKey.swift */; };
		8585D3502A66A058007D9976 /* RoundedCorner.swift in Sources */ = {isa = PBXBuildFile; fileRef = 8585D34F2A66A058007D9976 /* RoundedCorner.swift */; };
/* End PBXBuildFile section */

/* Begin PBXFileReference section */
		423FB9372A61587E001C9EC5 /* team1nc3.app */ = {isa = PBXFileReference; explicitFileType = wrapper.application; includeInIndex = 0; path = team1nc3.app; sourceTree = BUILT_PRODUCTS_DIR; };
		423FB93A2A61587E001C9EC5 /* team1nc3App.swift */ = {isa = PBXFileReference; lastKnownFileType = sourcecode.swift; path = team1nc3App.swift; sourceTree = "<group>"; };
		423FB93C2A61587E001C9EC5 /* ContentView.swift */ = {isa = PBXFileReference; lastKnownFileType = sourcecode.swift; path = ContentView.swift; sourceTree = "<group>"; };
		423FB93E2A615880001C9EC5 /* Assets.xcassets */ = {isa = PBXFileReference; lastKnownFileType = folder.assetcatalog; path = Assets.xcassets; sourceTree = "<group>"; };
		423FB9412A615880001C9EC5 /* Preview Assets.xcassets */ = {isa = PBXFileReference; lastKnownFileType = folder.assetcatalog; path = "Preview Assets.xcassets"; sourceTree = "<group>"; };
		423FB9972A652ABD001C9EC5 /* Feature1View.swift */ = {isa = PBXFileReference; lastKnownFileType = sourcecode.swift; path = Feature1View.swift; sourceTree = "<group>"; };
		423FB9992A652AE1001C9EC5 /* Feature1Component1.swift */ = {isa = PBXFileReference; lastKnownFileType = sourcecode.swift; path = Feature1Component1.swift; sourceTree = "<group>"; };
		423FB99B2A652B66001C9EC5 /* Feature1ViewModel.swift */ = {isa = PBXFileReference; lastKnownFileType = sourcecode.swift; path = Feature1ViewModel.swift; sourceTree = "<group>"; };
		423FB99D2A652B9D001C9EC5 /* Feature1Model.swift */ = {isa = PBXFileReference; lastKnownFileType = sourcecode.swift; path = Feature1Model.swift; sourceTree = "<group>"; };
		423FB99F2A652BAB001C9EC5 /* Feature1RepositorySample.swift */ = {isa = PBXFileReference; lastKnownFileType = sourcecode.swift; path = Feature1RepositorySample.swift; sourceTree = "<group>"; };
		423FB9AA2A65BBE2001C9EC5 /* Color+Theme.swift */ = {isa = PBXFileReference; lastKnownFileType = sourcecode.swift; path = "Color+Theme.swift"; sourceTree = "<group>"; };
		423FB9CF2A693002001C9EC5 /* DropdownGender.swift */ = {isa = PBXFileReference; fileEncoding = 4; lastKnownFileType = sourcecode.swift; path = DropdownGender.swift; sourceTree = "<group>"; };
		423FB9D02A693002001C9EC5 /* DropdownDisability.swift */ = {isa = PBXFileReference; fileEncoding = 4; lastKnownFileType = sourcecode.swift; path = DropdownDisability.swift; sourceTree = "<group>"; };
		423FB9D22A693002001C9EC5 /* TextFieldComponent.swift */ = {isa = PBXFileReference; fileEncoding = 4; lastKnownFileType = sourcecode.swift; path = TextFieldComponent.swift; sourceTree = "<group>"; };
		423FB9D42A693002001C9EC5 /* SheetDisability.swift */ = {isa = PBXFileReference; fileEncoding = 4; lastKnownFileType = sourcecode.swift; path = SheetDisability.swift; sourceTree = "<group>"; };
		423FB9D62A693002001C9EC5 /* TextWithButton.swift */ = {isa = PBXFileReference; fileEncoding = 4; lastKnownFileType = sourcecode.swift; path = TextWithButton.swift; sourceTree = "<group>"; };
		423FB9D82A693002001C9EC5 /* AccountPageViews.swift */ = {isa = PBXFileReference; fileEncoding = 4; lastKnownFileType = sourcecode.swift; path = AccountPageViews.swift; sourceTree = "<group>"; };
		423FB9E22A69308D001C9EC5 /* SettingView.swift */ = {isa = PBXFileReference; fileEncoding = 4; lastKnownFileType = sourcecode.swift; path = SettingView.swift; sourceTree = "<group>"; };
		42B1EDD32A6AA39D0074D221 /* HomeViewModels.swift */ = {isa = PBXFileReference; fileEncoding = 4; lastKnownFileType = sourcecode.swift; path = HomeViewModels.swift; sourceTree = "<group>"; };
		42B1EDD52A6AA39D0074D221 /* MenuModel.swift */ = {isa = PBXFileReference; fileEncoding = 4; lastKnownFileType = sourcecode.swift; path = MenuModel.swift; sourceTree = "<group>"; };
		42B1EDD82A6AA39D0074D221 /* PointView.swift */ = {isa = PBXFileReference; fileEncoding = 4; lastKnownFileType = sourcecode.swift; path = PointView.swift; sourceTree = "<group>"; };
		42B1EDD92A6AA39D0074D221 /* LifeStyleMenuView.swift */ = {isa = PBXFileReference; fileEncoding = 4; lastKnownFileType = sourcecode.swift; path = LifeStyleMenuView.swift; sourceTree = "<group>"; };
		42B1EDDA2A6AA39D0074D221 /* MenuView.swift */ = {isa = PBXFileReference; fileEncoding = 4; lastKnownFileType = sourcecode.swift; path = MenuView.swift; sourceTree = "<group>"; };
		42B1EDDC2A6AA39D0074D221 /* HomeView.swift */ = {isa = PBXFileReference; fileEncoding = 4; lastKnownFileType = sourcecode.swift; path = HomeView.swift; sourceTree = "<group>"; };
		8585D3422A667784007D9976 /* AssistanceListDetailViews.swift */ = {isa = PBXFileReference; lastKnownFileType = sourcecode.swift; path = AssistanceListDetailViews.swift; sourceTree = "<group>"; };
		8585D3442A6677AC007D9976 /* AssitanceListDetailViewModel.swift */ = {isa = PBXFileReference; lastKnownFileType = sourcecode.swift; path = AssitanceListDetailViewModel.swift; sourceTree = "<group>"; };
		8585D3462A6677CB007D9976 /* ProfileModel.swift */ = {isa = PBXFileReference; lastKnownFileType = sourcecode.swift; path = ProfileModel.swift; sourceTree = "<group>"; };
		8585D3482A667830007D9976 /* ProfileRepositorySample.swift */ = {isa = PBXFileReference; lastKnownFileType = sourcecode.swift; path = ProfileRepositorySample.swift; sourceTree = "<group>"; };
		8585D34D2A669F2B007D9976 /* HeightPreferenceKey.swift */ = {isa = PBXFileReference; lastKnownFileType = sourcecode.swift; path = HeightPreferenceKey.swift; sourceTree = "<group>"; };
		8585D34F2A66A058007D9976 /* RoundedCorner.swift */ = {isa = PBXFileReference; lastKnownFileType = sourcecode.swift; path = RoundedCorner.swift; sourceTree = "<group>"; };
/* End PBXFileReference section */

/* Begin PBXFrameworksBuildPhase section */
		423FB9342A61587E001C9EC5 /* Frameworks */ = {
			isa = PBXFrameworksBuildPhase;
			buildActionMask = 2147483647;
			files = (
			);
			runOnlyForDeploymentPostprocessing = 0;
		};
/* End PBXFrameworksBuildPhase section */

/* Begin PBXGroup section */
		423FB92E2A61587E001C9EC5 = {
			isa = PBXGroup;
			children = (
				423FB9392A61587E001C9EC5 /* team1nc3 */,
				423FB9382A61587E001C9EC5 /* Products */,
			);
			sourceTree = "<group>";
		};
		423FB9382A61587E001C9EC5 /* Products */ = {
			isa = PBXGroup;
			children = (
				423FB9372A61587E001C9EC5 /* team1nc3.app */,
			);
			name = Products;
			sourceTree = "<group>";
		};
		423FB9392A61587E001C9EC5 /* team1nc3 */ = {
			isa = PBXGroup;
			children = (
				423FB9482A615953001C9EC5 /* Config */,
				423FB9492A61595B001C9EC5 /* Core */,
				423FB94A2A615961001C9EC5 /* Features */,
				423FB9562A615D67001C9EC5 /* ExampleCode */,
				423FB9402A615880001C9EC5 /* Preview Content */,
				423FB93C2A61587E001C9EC5 /* ContentView.swift */,
			);
			path = team1nc3;
			sourceTree = "<group>";
		};
		423FB9402A615880001C9EC5 /* Preview Content */ = {
			isa = PBXGroup;
			children = (
				423FB9412A615880001C9EC5 /* Preview Assets.xcassets */,
			);
			path = "Preview Content";
			sourceTree = "<group>";
		};
		423FB9482A615953001C9EC5 /* Config */ = {
			isa = PBXGroup;
			children = (
				423FB94B2A6159AE001C9EC5 /* Apps */,
				423FB94C2A6159B4001C9EC5 /* Resources */,
			);
			path = Config;
			sourceTree = "<group>";
		};
		423FB9492A61595B001C9EC5 /* Core */ = {
			isa = PBXGroup;
			children = (
				423FB94F2A6159E1001C9EC5 /* Data */,
				423FB94E2A6159DB001C9EC5 /* Utilities */,
				423FB94D2A6159D5001C9EC5 /* Constants */,
				423FB9502A6159E9001C9EC5 /* Themes */,
			);
			path = Core;
			sourceTree = "<group>";
		};
		423FB94A2A615961001C9EC5 /* Features */ = {
			isa = PBXGroup;
			children = (
				42B1EDD12A6AA39D0074D221 /* HomePage */,
				423FB9DF2A69308D001C9EC5 /* SettingPage */,
				423FB9C92A693002001C9EC5 /* AccountPage */,
				8585D33B2A6676EC007D9976 /* AssistanceListDetailPage */,
				423FB9522A615C4A001C9EC5 /* Feature1 */,
			);
			path = Features;
			sourceTree = "<group>";
		};
		423FB94B2A6159AE001C9EC5 /* Apps */ = {
			isa = PBXGroup;
			children = (
				423FB93A2A61587E001C9EC5 /* team1nc3App.swift */,
			);
			path = Apps;
			sourceTree = "<group>";
		};
		423FB94C2A6159B4001C9EC5 /* Resources */ = {
			isa = PBXGroup;
			children = (
				423FB93E2A615880001C9EC5 /* Assets.xcassets */,
			);
			path = Resources;
			sourceTree = "<group>";
		};
		423FB94D2A6159D5001C9EC5 /* Constants */ = {
			isa = PBXGroup;
			children = (
			);
			path = Constants;
			sourceTree = "<group>";
		};
		423FB94E2A6159DB001C9EC5 /* Utilities */ = {
			isa = PBXGroup;
			children = (
			);
			path = Utilities;
			sourceTree = "<group>";
		};
		423FB94F2A6159E1001C9EC5 /* Data */ = {
			isa = PBXGroup;
			children = (
			);
			path = Data;
			sourceTree = "<group>";
		};
		423FB9502A6159E9001C9EC5 /* Themes */ = {
			isa = PBXGroup;
			children = (
				423FB9512A615A12001C9EC5 /* Presentations */,
				423FB9AA2A65BBE2001C9EC5 /* Color+Theme.swift */,
			);
			path = Themes;
			sourceTree = "<group>";
		};
		423FB9512A615A12001C9EC5 /* Presentations */ = {
			isa = PBXGroup;
			children = (
			);
			path = Presentations;
			sourceTree = "<group>";
		};
		423FB9522A615C4A001C9EC5 /* Feature1 */ = {
			isa = PBXGroup;
			children = (
				423FB9552A615C95001C9EC5 /* Presentations */,
				423FB9542A615C8F001C9EC5 /* ViewModels */,
				423FB9532A615C89001C9EC5 /* Models */,
			);
			path = Feature1;
			sourceTree = "<group>";
		};
		423FB9532A615C89001C9EC5 /* Models */ = {
			isa = PBXGroup;
			children = (
				423FB99D2A652B9D001C9EC5 /* Feature1Model.swift */,
				423FB99F2A652BAB001C9EC5 /* Feature1RepositorySample.swift */,
			);
			path = Models;
			sourceTree = "<group>";
		};
		423FB9542A615C8F001C9EC5 /* ViewModels */ = {
			isa = PBXGroup;
			children = (
				423FB99B2A652B66001C9EC5 /* Feature1ViewModel.swift */,
			);
			path = ViewModels;
			sourceTree = "<group>";
		};
		423FB9552A615C95001C9EC5 /* Presentations */ = {
			isa = PBXGroup;
			children = (
				423FB9952A652A80001C9EC5 /* Components */,
				423FB9962A652A87001C9EC5 /* Views */,
			);
			path = Presentations;
			sourceTree = "<group>";
		};
		423FB9562A615D67001C9EC5 /* ExampleCode */ = {
			isa = PBXGroup;
			children = (
			);
			path = ExampleCode;
			sourceTree = "<group>";
		};
		423FB9952A652A80001C9EC5 /* Components */ = {
			isa = PBXGroup;
			children = (
				423FB9992A652AE1001C9EC5 /* Feature1Component1.swift */,
			);
			path = Components;
			sourceTree = "<group>";
		};
		423FB9962A652A87001C9EC5 /* Views */ = {
			isa = PBXGroup;
			children = (
				423FB9972A652ABD001C9EC5 /* Feature1View.swift */,
			);
			path = Views;
			sourceTree = "<group>";
		};
		423FB9C92A693002001C9EC5 /* AccountPage */ = {
			isa = PBXGroup;
			children = (
				423FB9CA2A693002001C9EC5 /* ViewModels */,
				423FB9CB2A693002001C9EC5 /* Models */,
				423FB9CC2A693002001C9EC5 /* Presenters */,
			);
			path = AccountPage;
			sourceTree = "<group>";
		};
		423FB9CA2A693002001C9EC5 /* ViewModels */ = {
			isa = PBXGroup;
			children = (
			);
			path = ViewModels;
			sourceTree = "<group>";
		};
		423FB9CB2A693002001C9EC5 /* Models */ = {
			isa = PBXGroup;
			children = (
			);
			path = Models;
			sourceTree = "<group>";
		};
		423FB9CC2A693002001C9EC5 /* Presenters */ = {
			isa = PBXGroup;
			children = (
				423FB9CD2A693002001C9EC5 /* Components */,
				423FB9D72A693002001C9EC5 /* Views */,
			);
			path = Presenters;
			sourceTree = "<group>";
		};
		423FB9CD2A693002001C9EC5 /* Components */ = {
			isa = PBXGroup;
			children = (
				423FB9CE2A693002001C9EC5 /* Dropdown */,
				423FB9D12A693002001C9EC5 /* TextField */,
				423FB9D32A693002001C9EC5 /* SheetDisability */,
				423FB9D52A693002001C9EC5 /* TextWithButton */,
			);
			path = Components;
			sourceTree = "<group>";
		};
		423FB9CE2A693002001C9EC5 /* Dropdown */ = {
			isa = PBXGroup;
			children = (
				423FB9CF2A693002001C9EC5 /* DropdownGender.swift */,
				423FB9D02A693002001C9EC5 /* DropdownDisability.swift */,
			);
			path = Dropdown;
			sourceTree = "<group>";
		};
		423FB9D12A693002001C9EC5 /* TextField */ = {
			isa = PBXGroup;
			children = (
				423FB9D22A693002001C9EC5 /* TextFieldComponent.swift */,
			);
			path = TextField;
			sourceTree = "<group>";
		};
		423FB9D32A693002001C9EC5 /* SheetDisability */ = {
			isa = PBXGroup;
			children = (
				423FB9D42A693002001C9EC5 /* SheetDisability.swift */,
			);
			path = SheetDisability;
			sourceTree = "<group>";
		};
		423FB9D52A693002001C9EC5 /* TextWithButton */ = {
			isa = PBXGroup;
			children = (
				423FB9D62A693002001C9EC5 /* TextWithButton.swift */,
			);
			path = TextWithButton;
			sourceTree = "<group>";
		};
		423FB9D72A693002001C9EC5 /* Views */ = {
			isa = PBXGroup;
			children = (
				423FB9D82A693002001C9EC5 /* AccountPageViews.swift */,
			);
			path = Views;
			sourceTree = "<group>";
		};
		423FB9DF2A69308D001C9EC5 /* SettingPage */ = {
			isa = PBXGroup;
			children = (
				423FB9E02A69308D001C9EC5 /* Presenters */,
			);
			path = SettingPage;
			sourceTree = "<group>";
		};
		423FB9E02A69308D001C9EC5 /* Presenters */ = {
			isa = PBXGroup;
			children = (
				423FB9E12A69308D001C9EC5 /* Views */,
			);
			path = Presenters;
			sourceTree = "<group>";
		};
		423FB9E12A69308D001C9EC5 /* Views */ = {
			isa = PBXGroup;
			children = (
				423FB9E22A69308D001C9EC5 /* SettingView.swift */,
			);
			path = Views;
			sourceTree = "<group>";
		};
		42B1EDD12A6AA39D0074D221 /* HomePage */ = {
			isa = PBXGroup;
			children = (
				42B1EDD22A6AA39D0074D221 /* ViewModels */,
				42B1EDD42A6AA39D0074D221 /* Models */,
				42B1EDD62A6AA39D0074D221 /* Presentations */,
			);
			path = HomePage;
			sourceTree = "<group>";
		};
		42B1EDD22A6AA39D0074D221 /* ViewModels */ = {
			isa = PBXGroup;
			children = (
				42B1EDD32A6AA39D0074D221 /* HomeViewModels.swift */,
			);
			path = ViewModels;
			sourceTree = "<group>";
		};
		42B1EDD42A6AA39D0074D221 /* Models */ = {
			isa = PBXGroup;
			children = (
				42B1EDD52A6AA39D0074D221 /* MenuModel.swift */,
			);
			path = Models;
			sourceTree = "<group>";
		};
		42B1EDD62A6AA39D0074D221 /* Presentations */ = {
			isa = PBXGroup;
			children = (
				42B1EDD72A6AA39D0074D221 /* Components */,
				42B1EDDB2A6AA39D0074D221 /* Views */,
			);
			path = Presentations;
			sourceTree = "<group>";
		};
		42B1EDD72A6AA39D0074D221 /* Components */ = {
			isa = PBXGroup;
			children = (
				42B1EDD82A6AA39D0074D221 /* PointView.swift */,
				42B1EDD92A6AA39D0074D221 /* LifeStyleMenuView.swift */,
				42B1EDDA2A6AA39D0074D221 /* MenuView.swift */,
			);
			path = Components;
			sourceTree = "<group>";
		};
		42B1EDDB2A6AA39D0074D221 /* Views */ = {
			isa = PBXGroup;
			children = (
				42B1EDDC2A6AA39D0074D221 /* HomeView.swift */,
			);
			path = Views;
			sourceTree = "<group>";
		};
		8585D33B2A6676EC007D9976 /* AssistanceListDetailPage */ = {
			isa = PBXGroup;
			children = (
				8585D3412A667755007D9976 /* Models */,
				8585D3402A66774D007D9976 /* ViewModels */,
				8585D33D2A667719007D9976 /* Presentasions */,
			);
			path = AssistanceListDetailPage;
			sourceTree = "<group>";
		};
		8585D33D2A667719007D9976 /* Presentasions */ = {
			isa = PBXGroup;
			children = (
				8585D33F2A667730007D9976 /* Views */,
				8585D33E2A667726007D9976 /* Components */,
			);
			path = Presentasions;
			sourceTree = "<group>";
		};
		8585D33E2A667726007D9976 /* Components */ = {
			isa = PBXGroup;
			children = (
				8585D34D2A669F2B007D9976 /* HeightPreferenceKey.swift */,
				8585D34F2A66A058007D9976 /* RoundedCorner.swift */,
			);
			path = Components;
			sourceTree = "<group>";
		};
		8585D33F2A667730007D9976 /* Views */ = {
			isa = PBXGroup;
			children = (
				8585D3422A667784007D9976 /* AssistanceListDetailViews.swift */,
			);
			path = Views;
			sourceTree = "<group>";
		};
		8585D3402A66774D007D9976 /* ViewModels */ = {
			isa = PBXGroup;
			children = (
				8585D3442A6677AC007D9976 /* AssitanceListDetailViewModel.swift */,
			);
			path = ViewModels;
			sourceTree = "<group>";
		};
		8585D3412A667755007D9976 /* Models */ = {
			isa = PBXGroup;
			children = (
				8585D3462A6677CB007D9976 /* ProfileModel.swift */,
				8585D3482A667830007D9976 /* ProfileRepositorySample.swift */,
			);
			path = Models;
			sourceTree = "<group>";
		};
/* End PBXGroup section */

/* Begin PBXNativeTarget section */
		423FB9362A61587E001C9EC5 /* team1nc3 */ = {
			isa = PBXNativeTarget;
			buildConfigurationList = 423FB9452A615880001C9EC5 /* Build configuration list for PBXNativeTarget "team1nc3" */;
			buildPhases = (
				423FB9332A61587E001C9EC5 /* Sources */,
				423FB9342A61587E001C9EC5 /* Frameworks */,
				423FB9352A61587E001C9EC5 /* Resources */,
			);
			buildRules = (
			);
			dependencies = (
			);
			name = team1nc3;
			productName = team1nc3;
			productReference = 423FB9372A61587E001C9EC5 /* team1nc3.app */;
			productType = "com.apple.product-type.application";
		};
/* End PBXNativeTarget section */

/* Begin PBXProject section */
		423FB92F2A61587E001C9EC5 /* Project object */ = {
			isa = PBXProject;
			attributes = {
				BuildIndependentTargetsInParallel = 1;
				LastSwiftUpdateCheck = 1420;
				LastUpgradeCheck = 1420;
				TargetAttributes = {
					423FB9362A61587E001C9EC5 = {
						CreatedOnToolsVersion = 14.2;
					};
				};
			};
			buildConfigurationList = 423FB9322A61587E001C9EC5 /* Build configuration list for PBXProject "team1nc3" */;
			compatibilityVersion = "Xcode 14.0";
			developmentRegion = en;
			hasScannedForEncodings = 0;
			knownRegions = (
				en,
				Base,
			);
			mainGroup = 423FB92E2A61587E001C9EC5;
			productRefGroup = 423FB9382A61587E001C9EC5 /* Products */;
			projectDirPath = "";
			projectRoot = "";
			targets = (
				423FB9362A61587E001C9EC5 /* team1nc3 */,
			);
		};
/* End PBXProject section */

/* Begin PBXResourcesBuildPhase section */
		423FB9352A61587E001C9EC5 /* Resources */ = {
			isa = PBXResourcesBuildPhase;
			buildActionMask = 2147483647;
			files = (
				423FB9422A615880001C9EC5 /* Preview Assets.xcassets in Resources */,
				423FB93F2A615880001C9EC5 /* Assets.xcassets in Resources */,
			);
			runOnlyForDeploymentPostprocessing = 0;
		};
/* End PBXResourcesBuildPhase section */

/* Begin PBXSourcesBuildPhase section */
		423FB9332A61587E001C9EC5 /* Sources */ = {
			isa = PBXSourcesBuildPhase;
			buildActionMask = 2147483647;
			files = (
				42B1EDE22A6AA39D0074D221 /* HomeView.swift in Sources */,
				8585D3452A6677AC007D9976 /* AssitanceListDetailViewModel.swift in Sources */,
				423FB99A2A652AE1001C9EC5 /* Feature1Component1.swift in Sources */,
				8585D3502A66A058007D9976 /* RoundedCorner.swift in Sources */,
				423FB9E32A69308D001C9EC5 /* SettingView.swift in Sources */,
				8585D3472A6677CB007D9976 /* ProfileModel.swift in Sources */,
				423FB9DB2A693002001C9EC5 /* TextFieldComponent.swift in Sources */,
				423FB99C2A652B66001C9EC5 /* Feature1ViewModel.swift in Sources */,
				42B1EDE12A6AA39D0074D221 /* MenuView.swift in Sources */,
				423FB9AB2A65BBE2001C9EC5 /* Color+Theme.swift in Sources */,
				423FB9DD2A693002001C9EC5 /* TextWithButton.swift in Sources */,
				42B1EDDE2A6AA39D0074D221 /* MenuModel.swift in Sources */,
				423FB93D2A61587E001C9EC5 /* ContentView.swift in Sources */,
				423FB9DE2A693002001C9EC5 /* AccountPageViews.swift in Sources */,
				423FB9A02A652BAB001C9EC5 /* Feature1RepositorySample.swift in Sources */,
				8585D3492A667830007D9976 /* ProfileRepositorySample.swift in Sources */,
				423FB9982A652ABD001C9EC5 /* Feature1View.swift in Sources */,
				42B1EDDF2A6AA39D0074D221 /* PointView.swift in Sources */,
				42B1EDE02A6AA39D0074D221 /* LifeStyleMenuView.swift in Sources */,
				423FB99E2A652B9D001C9EC5 /* Feature1Model.swift in Sources */,
				42B1EDDD2A6AA39D0074D221 /* HomeViewModels.swift in Sources */,
				423FB93B2A61587E001C9EC5 /* team1nc3App.swift in Sources */,
				8585D3432A667784007D9976 /* AssistanceListDetailViews.swift in Sources */,
				8585D34E2A669F2B007D9976 /* HeightPreferenceKey.swift in Sources */,
				423FB9DA2A693002001C9EC5 /* DropdownDisability.swift in Sources */,
				423FB9D92A693002001C9EC5 /* DropdownGender.swift in Sources */,
				423FB9DC2A693002001C9EC5 /* SheetDisability.swift in Sources */,
			);
			runOnlyForDeploymentPostprocessing = 0;
		};
/* End PBXSourcesBuildPhase section */

/* Begin XCBuildConfiguration section */
		423FB9432A615880001C9EC5 /* Debug */ = {
			isa = XCBuildConfiguration;
			buildSettings = {
				ALWAYS_SEARCH_USER_PATHS = NO;
				CLANG_ANALYZER_NONNULL = YES;
				CLANG_ANALYZER_NUMBER_OBJECT_CONVERSION = YES_AGGRESSIVE;
				CLANG_CXX_LANGUAGE_STANDARD = "gnu++20";
				CLANG_ENABLE_MODULES = YES;
				CLANG_ENABLE_OBJC_ARC = YES;
				CLANG_ENABLE_OBJC_WEAK = YES;
				CLANG_WARN_BLOCK_CAPTURE_AUTORELEASING = YES;
				CLANG_WARN_BOOL_CONVERSION = YES;
				CLANG_WARN_COMMA = YES;
				CLANG_WARN_CONSTANT_CONVERSION = YES;
				CLANG_WARN_DEPRECATED_OBJC_IMPLEMENTATIONS = YES;
				CLANG_WARN_DIRECT_OBJC_ISA_USAGE = YES_ERROR;
				CLANG_WARN_DOCUMENTATION_COMMENTS = YES;
				CLANG_WARN_EMPTY_BODY = YES;
				CLANG_WARN_ENUM_CONVERSION = YES;
				CLANG_WARN_INFINITE_RECURSION = YES;
				CLANG_WARN_INT_CONVERSION = YES;
				CLANG_WARN_NON_LITERAL_NULL_CONVERSION = YES;
				CLANG_WARN_OBJC_IMPLICIT_RETAIN_SELF = YES;
				CLANG_WARN_OBJC_LITERAL_CONVERSION = YES;
				CLANG_WARN_OBJC_ROOT_CLASS = YES_ERROR;
				CLANG_WARN_QUOTED_INCLUDE_IN_FRAMEWORK_HEADER = YES;
				CLANG_WARN_RANGE_LOOP_ANALYSIS = YES;
				CLANG_WARN_STRICT_PROTOTYPES = YES;
				CLANG_WARN_SUSPICIOUS_MOVE = YES;
				CLANG_WARN_UNGUARDED_AVAILABILITY = YES_AGGRESSIVE;
				CLANG_WARN_UNREACHABLE_CODE = YES;
				CLANG_WARN__DUPLICATE_METHOD_MATCH = YES;
				COPY_PHASE_STRIP = NO;
				DEBUG_INFORMATION_FORMAT = dwarf;
				ENABLE_STRICT_OBJC_MSGSEND = YES;
				ENABLE_TESTABILITY = YES;
				GCC_C_LANGUAGE_STANDARD = gnu11;
				GCC_DYNAMIC_NO_PIC = NO;
				GCC_NO_COMMON_BLOCKS = YES;
				GCC_OPTIMIZATION_LEVEL = 0;
				GCC_PREPROCESSOR_DEFINITIONS = (
					"DEBUG=1",
					"$(inherited)",
				);
				GCC_WARN_64_TO_32_BIT_CONVERSION = YES;
				GCC_WARN_ABOUT_RETURN_TYPE = YES_ERROR;
				GCC_WARN_UNDECLARED_SELECTOR = YES;
				GCC_WARN_UNINITIALIZED_AUTOS = YES_AGGRESSIVE;
				GCC_WARN_UNUSED_FUNCTION = YES;
				GCC_WARN_UNUSED_VARIABLE = YES;
				IPHONEOS_DEPLOYMENT_TARGET = 16.2;
				MTL_ENABLE_DEBUG_INFO = INCLUDE_SOURCE;
				MTL_FAST_MATH = YES;
				ONLY_ACTIVE_ARCH = YES;
				SDKROOT = iphoneos;
				SWIFT_ACTIVE_COMPILATION_CONDITIONS = DEBUG;
				SWIFT_OPTIMIZATION_LEVEL = "-Onone";
			};
			name = Debug;
		};
		423FB9442A615880001C9EC5 /* Release */ = {
			isa = XCBuildConfiguration;
			buildSettings = {
				ALWAYS_SEARCH_USER_PATHS = NO;
				CLANG_ANALYZER_NONNULL = YES;
				CLANG_ANALYZER_NUMBER_OBJECT_CONVERSION = YES_AGGRESSIVE;
				CLANG_CXX_LANGUAGE_STANDARD = "gnu++20";
				CLANG_ENABLE_MODULES = YES;
				CLANG_ENABLE_OBJC_ARC = YES;
				CLANG_ENABLE_OBJC_WEAK = YES;
				CLANG_WARN_BLOCK_CAPTURE_AUTORELEASING = YES;
				CLANG_WARN_BOOL_CONVERSION = YES;
				CLANG_WARN_COMMA = YES;
				CLANG_WARN_CONSTANT_CONVERSION = YES;
				CLANG_WARN_DEPRECATED_OBJC_IMPLEMENTATIONS = YES;
				CLANG_WARN_DIRECT_OBJC_ISA_USAGE = YES_ERROR;
				CLANG_WARN_DOCUMENTATION_COMMENTS = YES;
				CLANG_WARN_EMPTY_BODY = YES;
				CLANG_WARN_ENUM_CONVERSION = YES;
				CLANG_WARN_INFINITE_RECURSION = YES;
				CLANG_WARN_INT_CONVERSION = YES;
				CLANG_WARN_NON_LITERAL_NULL_CONVERSION = YES;
				CLANG_WARN_OBJC_IMPLICIT_RETAIN_SELF = YES;
				CLANG_WARN_OBJC_LITERAL_CONVERSION = YES;
				CLANG_WARN_OBJC_ROOT_CLASS = YES_ERROR;
				CLANG_WARN_QUOTED_INCLUDE_IN_FRAMEWORK_HEADER = YES;
				CLANG_WARN_RANGE_LOOP_ANALYSIS = YES;
				CLANG_WARN_STRICT_PROTOTYPES = YES;
				CLANG_WARN_SUSPICIOUS_MOVE = YES;
				CLANG_WARN_UNGUARDED_AVAILABILITY = YES_AGGRESSIVE;
				CLANG_WARN_UNREACHABLE_CODE = YES;
				CLANG_WARN__DUPLICATE_METHOD_MATCH = YES;
				COPY_PHASE_STRIP = NO;
				DEBUG_INFORMATION_FORMAT = "dwarf-with-dsym";
				ENABLE_NS_ASSERTIONS = NO;
				ENABLE_STRICT_OBJC_MSGSEND = YES;
				GCC_C_LANGUAGE_STANDARD = gnu11;
				GCC_NO_COMMON_BLOCKS = YES;
				GCC_WARN_64_TO_32_BIT_CONVERSION = YES;
				GCC_WARN_ABOUT_RETURN_TYPE = YES_ERROR;
				GCC_WARN_UNDECLARED_SELECTOR = YES;
				GCC_WARN_UNINITIALIZED_AUTOS = YES_AGGRESSIVE;
				GCC_WARN_UNUSED_FUNCTION = YES;
				GCC_WARN_UNUSED_VARIABLE = YES;
				IPHONEOS_DEPLOYMENT_TARGET = 16.2;
				MTL_ENABLE_DEBUG_INFO = NO;
				MTL_FAST_MATH = YES;
				SDKROOT = iphoneos;
				SWIFT_COMPILATION_MODE = wholemodule;
				SWIFT_OPTIMIZATION_LEVEL = "-O";
				VALIDATE_PRODUCT = YES;
			};
			name = Release;
		};
		423FB9462A615880001C9EC5 /* Debug */ = {
			isa = XCBuildConfiguration;
			buildSettings = {
				ASSETCATALOG_COMPILER_APPICON_NAME = AppIcon;
				ASSETCATALOG_COMPILER_GLOBAL_ACCENT_COLOR_NAME = AccentColor;
				CODE_SIGN_STYLE = Automatic;
				CURRENT_PROJECT_VERSION = 1;
				DEVELOPMENT_ASSET_PATHS = "\"team1nc3/Preview Content\"";
				DEVELOPMENT_TEAM = CUPB4VV6K2;
				ENABLE_PREVIEWS = YES;
				GENERATE_INFOPLIST_FILE = YES;
				INFOPLIST_KEY_UIApplicationSceneManifest_Generation = YES;
				INFOPLIST_KEY_UIApplicationSupportsIndirectInputEvents = YES;
				INFOPLIST_KEY_UILaunchScreen_Generation = YES;
				INFOPLIST_KEY_UISupportedInterfaceOrientations_iPad = "UIInterfaceOrientationPortrait UIInterfaceOrientationPortraitUpsideDown UIInterfaceOrientationLandscapeLeft UIInterfaceOrientationLandscapeRight";
				INFOPLIST_KEY_UISupportedInterfaceOrientations_iPhone = "UIInterfaceOrientationPortrait UIInterfaceOrientationLandscapeLeft UIInterfaceOrientationLandscapeRight";
				LD_RUNPATH_SEARCH_PATHS = (
					"$(inherited)",
					"@executable_path/Frameworks",
				);
				MARKETING_VERSION = 1.0;
				PRODUCT_BUNDLE_IDENTIFIER = josh.team1nc3;
				PRODUCT_NAME = "$(TARGET_NAME)";
				SWIFT_EMIT_LOC_STRINGS = YES;
				SWIFT_VERSION = 5.0;
				TARGETED_DEVICE_FAMILY = "1,2";
			};
			name = Debug;
		};
		423FB9472A615880001C9EC5 /* Release */ = {
			isa = XCBuildConfiguration;
			buildSettings = {
				ASSETCATALOG_COMPILER_APPICON_NAME = AppIcon;
				ASSETCATALOG_COMPILER_GLOBAL_ACCENT_COLOR_NAME = AccentColor;
				CODE_SIGN_STYLE = Automatic;
				CURRENT_PROJECT_VERSION = 1;
				DEVELOPMENT_ASSET_PATHS = "\"team1nc3/Preview Content\"";
				DEVELOPMENT_TEAM = CUPB4VV6K2;
				ENABLE_PREVIEWS = YES;
				GENERATE_INFOPLIST_FILE = YES;
				INFOPLIST_KEY_UIApplicationSceneManifest_Generation = YES;
				INFOPLIST_KEY_UIApplicationSupportsIndirectInputEvents = YES;
				INFOPLIST_KEY_UILaunchScreen_Generation = YES;
				INFOPLIST_KEY_UISupportedInterfaceOrientations_iPad = "UIInterfaceOrientationPortrait UIInterfaceOrientationPortraitUpsideDown UIInterfaceOrientationLandscapeLeft UIInterfaceOrientationLandscapeRight";
				INFOPLIST_KEY_UISupportedInterfaceOrientations_iPhone = "UIInterfaceOrientationPortrait UIInterfaceOrientationLandscapeLeft UIInterfaceOrientationLandscapeRight";
				LD_RUNPATH_SEARCH_PATHS = (
					"$(inherited)",
					"@executable_path/Frameworks",
				);
				MARKETING_VERSION = 1.0;
				PRODUCT_BUNDLE_IDENTIFIER = josh.team1nc3;
				PRODUCT_NAME = "$(TARGET_NAME)";
				SWIFT_EMIT_LOC_STRINGS = YES;
				SWIFT_VERSION = 5.0;
				TARGETED_DEVICE_FAMILY = "1,2";
			};
			name = Release;
		};
/* End XCBuildConfiguration section */

/* Begin XCConfigurationList section */
		423FB9322A61587E001C9EC5 /* Build configuration list for PBXProject "team1nc3" */ = {
			isa = XCConfigurationList;
			buildConfigurations = (
				423FB9432A615880001C9EC5 /* Debug */,
				423FB9442A615880001C9EC5 /* Release */,
			);
			defaultConfigurationIsVisible = 0;
			defaultConfigurationName = Release;
		};
		423FB9452A615880001C9EC5 /* Build configuration list for PBXNativeTarget "team1nc3" */ = {
			isa = XCConfigurationList;
			buildConfigurations = (
				423FB9462A615880001C9EC5 /* Debug */,
				423FB9472A615880001C9EC5 /* Release */,
			);
			defaultConfigurationIsVisible = 0;
			defaultConfigurationName = Release;
		};
/* End XCConfigurationList section */
	};
	rootObject = 423FB92F2A61587E001C9EC5 /* Project object */;
}
