// !$*UTF8*$!
{
	archiveVersion = 1;
	classes = {
	};
	objectVersion = 56;
	objects = {

/* Begin PBXBuildFile section */
		423FB93B2A61587E001C9EC5 /* team1nc3App.swift in Sources */ = {isa = PBXBuildFile; fileRef = 423FB93A2A61587E001C9EC5 /* team1nc3App.swift */; };
		423FB93D2A61587E001C9EC5 /* ContentView.swift in Sources */ = {isa = PBXBuildFile; fileRef = 423FB93C2A61587E001C9EC5 /* ContentView.swift */; };
		423FB93F2A615880001C9EC5 /* Assets.xcassets in Resources */ = {isa = PBXBuildFile; fileRef = 423FB93E2A615880001C9EC5 /* Assets.xcassets */; };
		423FB9422A615880001C9EC5 /* Preview Assets.xcassets in Resources */ = {isa = PBXBuildFile; fileRef = 423FB9412A615880001C9EC5 /* Preview Assets.xcassets */; };
		423FB9AB2A65BBE2001C9EC5 /* Color+Theme.swift in Sources */ = {isa = PBXBuildFile; fileRef = 423FB9AA2A65BBE2001C9EC5 /* Color+Theme.swift */; };
		426A339C2A6BEA0A0056F792 /* HomeViewModels.swift in Sources */ = {isa = PBXBuildFile; fileRef = 426A33602A6BEA0A0056F792 /* HomeViewModels.swift */; };
		426A339D2A6BEA0A0056F792 /* MenuModel.swift in Sources */ = {isa = PBXBuildFile; fileRef = 426A33622A6BEA0A0056F792 /* MenuModel.swift */; };
		426A339E2A6BEA0A0056F792 /* PointView.swift in Sources */ = {isa = PBXBuildFile; fileRef = 426A33652A6BEA0A0056F792 /* PointView.swift */; };
		426A339F2A6BEA0A0056F792 /* LifeStyleMenuView.swift in Sources */ = {isa = PBXBuildFile; fileRef = 426A33662A6BEA0A0056F792 /* LifeStyleMenuView.swift */; };
		426A33A02A6BEA0A0056F792 /* MenuView.swift in Sources */ = {isa = PBXBuildFile; fileRef = 426A33672A6BEA0A0056F792 /* MenuView.swift */; };
		426A33A12A6BEA0A0056F792 /* HomeView.swift in Sources */ = {isa = PBXBuildFile; fileRef = 426A33692A6BEA0A0056F792 /* HomeView.swift */; };
		426A33A22A6BEA0A0056F792 /* AccountPageViews.swift in Sources */ = {isa = PBXBuildFile; fileRef = 426A336D2A6BEA0A0056F792 /* AccountPageViews.swift */; };
		426A33A32A6BEA0A0056F792 /* TicketDetailViewModel.swift in Sources */ = {isa = PBXBuildFile; fileRef = 426A33702A6BEA0A0056F792 /* TicketDetailViewModel.swift */; };
		426A33A42A6BEA0A0056F792 /* TicketView.swift in Sources */ = {isa = PBXBuildFile; fileRef = 426A33722A6BEA0A0056F792 /* TicketView.swift */; };
		426A33A52A6BEA0A0056F792 /* TicketListDetailViews.swift in Sources */ = {isa = PBXBuildFile; fileRef = 426A33732A6BEA0A0056F792 /* TicketListDetailViews.swift */; };
		426A33A62A6BEA0A0056F792 /* TicketRepositorySample.swift in Sources */ = {isa = PBXBuildFile; fileRef = 426A33752A6BEA0A0056F792 /* TicketRepositorySample.swift */; };
		426A33A72A6BEA0A0056F792 /* TicketingModel.swift in Sources */ = {isa = PBXBuildFile; fileRef = 426A33762A6BEA0A0056F792 /* TicketingModel.swift */; };
		426A33A82A6BEA0A0056F792 /* Feature1ViewModel.swift in Sources */ = {isa = PBXBuildFile; fileRef = 426A33792A6BEA0A0056F792 /* Feature1ViewModel.swift */; };
		426A33A92A6BEA0A0056F792 /* Feature1RepositorySample.swift in Sources */ = {isa = PBXBuildFile; fileRef = 426A337B2A6BEA0A0056F792 /* Feature1RepositorySample.swift */; };
		426A33AA2A6BEA0A0056F792 /* Feature1Model.swift in Sources */ = {isa = PBXBuildFile; fileRef = 426A337C2A6BEA0A0056F792 /* Feature1Model.swift */; };
		426A33AB2A6BEA0A0056F792 /* Feature1Component1.swift in Sources */ = {isa = PBXBuildFile; fileRef = 426A337F2A6BEA0A0056F792 /* Feature1Component1.swift */; };
		426A33AC2A6BEA0A0056F792 /* Feature1View.swift in Sources */ = {isa = PBXBuildFile; fileRef = 426A33812A6BEA0A0056F792 /* Feature1View.swift */; };
		426A33AD2A6BEA0A0056F792 /* SettingView.swift in Sources */ = {isa = PBXBuildFile; fileRef = 426A33852A6BEA0A0056F792 /* SettingView.swift */; };
		426A33AE2A6BEA0A0056F792 /* AssitanceListDetailViewModel.swift in Sources */ = {isa = PBXBuildFile; fileRef = 426A33882A6BEA0A0056F792 /* AssitanceListDetailViewModel.swift */; };
		426A33AF2A6BEA0A0056F792 /* ProfileRepositorySample.swift in Sources */ = {isa = PBXBuildFile; fileRef = 426A338A2A6BEA0A0056F792 /* ProfileRepositorySample.swift */; };
		426A33B02A6BEA0A0056F792 /* ProfileModel.swift in Sources */ = {isa = PBXBuildFile; fileRef = 426A338B2A6BEA0A0056F792 /* ProfileModel.swift */; };
		426A33B12A6BEA0A0056F792 /* HeightPreferenceKey.swift in Sources */ = {isa = PBXBuildFile; fileRef = 426A338E2A6BEA0A0056F792 /* HeightPreferenceKey.swift */; };
		426A33B22A6BEA0A0056F792 /* RoundedCorner.swift in Sources */ = {isa = PBXBuildFile; fileRef = 426A338F2A6BEA0A0056F792 /* RoundedCorner.swift */; };
		426A33B32A6BEA0A0056F792 /* AssistanceListDetailViews.swift in Sources */ = {isa = PBXBuildFile; fileRef = 426A33912A6BEA0A0056F792 /* AssistanceListDetailViews.swift */; };
		426A33B42A6BEA0A0056F792 /* RequestDataModel.swift in Sources */ = {isa = PBXBuildFile; fileRef = 426A33942A6BEA0A0056F792 /* RequestDataModel.swift */; };
		426A33B52A6BEA0A0056F792 /* DropDownView.swift in Sources */ = {isa = PBXBuildFile; fileRef = 426A33972A6BEA0A0056F792 /* DropDownView.swift */; };
		426A33B62A6BEA0A0056F792 /* MenuSection.swift in Sources */ = {isa = PBXBuildFile; fileRef = 426A33982A6BEA0A0056F792 /* MenuSection.swift */; };
		426A33B72A6BEA0A0056F792 /* ExpandedList.swift in Sources */ = {isa = PBXBuildFile; fileRef = 426A33992A6BEA0A0056F792 /* ExpandedList.swift */; };
		426A33B82A6BEA0A0056F792 /* RequestPageView.swift in Sources */ = {isa = PBXBuildFile; fileRef = 426A339B2A6BEA0A0056F792 /* RequestPageView.swift */; };
/* End PBXBuildFile section */

/* Begin PBXFileReference section */
		423FB9372A61587E001C9EC5 /* team1nc3.app */ = {isa = PBXFileReference; explicitFileType = wrapper.application; includeInIndex = 0; path = team1nc3.app; sourceTree = BUILT_PRODUCTS_DIR; };
		423FB93A2A61587E001C9EC5 /* team1nc3App.swift */ = {isa = PBXFileReference; lastKnownFileType = sourcecode.swift; path = team1nc3App.swift; sourceTree = "<group>"; };
		423FB93C2A61587E001C9EC5 /* ContentView.swift */ = {isa = PBXFileReference; lastKnownFileType = sourcecode.swift; path = ContentView.swift; sourceTree = "<group>"; };
		423FB93E2A615880001C9EC5 /* Assets.xcassets */ = {isa = PBXFileReference; lastKnownFileType = folder.assetcatalog; path = Assets.xcassets; sourceTree = "<group>"; };
		423FB9412A615880001C9EC5 /* Preview Assets.xcassets */ = {isa = PBXFileReference; lastKnownFileType = folder.assetcatalog; path = "Preview Assets.xcassets"; sourceTree = "<group>"; };
		423FB9AA2A65BBE2001C9EC5 /* Color+Theme.swift */ = {isa = PBXFileReference; lastKnownFileType = sourcecode.swift; path = "Color+Theme.swift"; sourceTree = "<group>"; };
		426A33602A6BEA0A0056F792 /* HomeViewModels.swift */ = {isa = PBXFileReference; fileEncoding = 4; lastKnownFileType = sourcecode.swift; path = HomeViewModels.swift; sourceTree = "<group>"; };
		426A33622A6BEA0A0056F792 /* MenuModel.swift */ = {isa = PBXFileReference; fileEncoding = 4; lastKnownFileType = sourcecode.swift; path = MenuModel.swift; sourceTree = "<group>"; };
		426A33652A6BEA0A0056F792 /* PointView.swift */ = {isa = PBXFileReference; fileEncoding = 4; lastKnownFileType = sourcecode.swift; path = PointView.swift; sourceTree = "<group>"; };
		426A33662A6BEA0A0056F792 /* LifeStyleMenuView.swift */ = {isa = PBXFileReference; fileEncoding = 4; lastKnownFileType = sourcecode.swift; path = LifeStyleMenuView.swift; sourceTree = "<group>"; };
		426A33672A6BEA0A0056F792 /* MenuView.swift */ = {isa = PBXFileReference; fileEncoding = 4; lastKnownFileType = sourcecode.swift; path = MenuView.swift; sourceTree = "<group>"; };
		426A33692A6BEA0A0056F792 /* HomeView.swift */ = {isa = PBXFileReference; fileEncoding = 4; lastKnownFileType = sourcecode.swift; path = HomeView.swift; sourceTree = "<group>"; };
		426A336D2A6BEA0A0056F792 /* AccountPageViews.swift */ = {isa = PBXFileReference; fileEncoding = 4; lastKnownFileType = sourcecode.swift; path = AccountPageViews.swift; sourceTree = "<group>"; };
		426A33702A6BEA0A0056F792 /* TicketDetailViewModel.swift */ = {isa = PBXFileReference; fileEncoding = 4; lastKnownFileType = sourcecode.swift; path = TicketDetailViewModel.swift; sourceTree = "<group>"; };
		426A33722A6BEA0A0056F792 /* TicketView.swift */ = {isa = PBXFileReference; fileEncoding = 4; lastKnownFileType = sourcecode.swift; path = TicketView.swift; sourceTree = "<group>"; };
		426A33732A6BEA0A0056F792 /* TicketListDetailViews.swift */ = {isa = PBXFileReference; fileEncoding = 4; lastKnownFileType = sourcecode.swift; path = TicketListDetailViews.swift; sourceTree = "<group>"; };
		426A33752A6BEA0A0056F792 /* TicketRepositorySample.swift */ = {isa = PBXFileReference; fileEncoding = 4; lastKnownFileType = sourcecode.swift; path = TicketRepositorySample.swift; sourceTree = "<group>"; };
		426A33762A6BEA0A0056F792 /* TicketingModel.swift */ = {isa = PBXFileReference; fileEncoding = 4; lastKnownFileType = sourcecode.swift; path = TicketingModel.swift; sourceTree = "<group>"; };
		426A33792A6BEA0A0056F792 /* Feature1ViewModel.swift */ = {isa = PBXFileReference; fileEncoding = 4; lastKnownFileType = sourcecode.swift; path = Feature1ViewModel.swift; sourceTree = "<group>"; };
		426A337B2A6BEA0A0056F792 /* Feature1RepositorySample.swift */ = {isa = PBXFileReference; fileEncoding = 4; lastKnownFileType = sourcecode.swift; path = Feature1RepositorySample.swift; sourceTree = "<group>"; };
		426A337C2A6BEA0A0056F792 /* Feature1Model.swift */ = {isa = PBXFileReference; fileEncoding = 4; lastKnownFileType = sourcecode.swift; path = Feature1Model.swift; sourceTree = "<group>"; };
		426A337F2A6BEA0A0056F792 /* Feature1Component1.swift */ = {isa = PBXFileReference; fileEncoding = 4; lastKnownFileType = sourcecode.swift; path = Feature1Component1.swift; sourceTree = "<group>"; };
		426A33812A6BEA0A0056F792 /* Feature1View.swift */ = {isa = PBXFileReference; fileEncoding = 4; lastKnownFileType = sourcecode.swift; path = Feature1View.swift; sourceTree = "<group>"; };
		426A33852A6BEA0A0056F792 /* SettingView.swift */ = {isa = PBXFileReference; fileEncoding = 4; lastKnownFileType = sourcecode.swift; path = SettingView.swift; sourceTree = "<group>"; };
		426A33882A6BEA0A0056F792 /* AssitanceListDetailViewModel.swift */ = {isa = PBXFileReference; fileEncoding = 4; lastKnownFileType = sourcecode.swift; path = AssitanceListDetailViewModel.swift; sourceTree = "<group>"; };
		426A338A2A6BEA0A0056F792 /* ProfileRepositorySample.swift */ = {isa = PBXFileReference; fileEncoding = 4; lastKnownFileType = sourcecode.swift; path = ProfileRepositorySample.swift; sourceTree = "<group>"; };
		426A338B2A6BEA0A0056F792 /* ProfileModel.swift */ = {isa = PBXFileReference; fileEncoding = 4; lastKnownFileType = sourcecode.swift; path = ProfileModel.swift; sourceTree = "<group>"; };
		426A338E2A6BEA0A0056F792 /* HeightPreferenceKey.swift */ = {isa = PBXFileReference; fileEncoding = 4; lastKnownFileType = sourcecode.swift; path = HeightPreferenceKey.swift; sourceTree = "<group>"; };
		426A338F2A6BEA0A0056F792 /* RoundedCorner.swift */ = {isa = PBXFileReference; fileEncoding = 4; lastKnownFileType = sourcecode.swift; path = RoundedCorner.swift; sourceTree = "<group>"; };
		426A33912A6BEA0A0056F792 /* AssistanceListDetailViews.swift */ = {isa = PBXFileReference; fileEncoding = 4; lastKnownFileType = sourcecode.swift; path = AssistanceListDetailViews.swift; sourceTree = "<group>"; };
		426A33942A6BEA0A0056F792 /* RequestDataModel.swift */ = {isa = PBXFileReference; fileEncoding = 4; lastKnownFileType = sourcecode.swift; path = RequestDataModel.swift; sourceTree = "<group>"; };
		426A33972A6BEA0A0056F792 /* DropDownView.swift */ = {isa = PBXFileReference; fileEncoding = 4; lastKnownFileType = sourcecode.swift; path = DropDownView.swift; sourceTree = "<group>"; };
		426A33982A6BEA0A0056F792 /* MenuSection.swift */ = {isa = PBXFileReference; fileEncoding = 4; lastKnownFileType = sourcecode.swift; path = MenuSection.swift; sourceTree = "<group>"; };
		426A33992A6BEA0A0056F792 /* ExpandedList.swift */ = {isa = PBXFileReference; fileEncoding = 4; lastKnownFileType = sourcecode.swift; path = ExpandedList.swift; sourceTree = "<group>"; };
		426A339B2A6BEA0A0056F792 /* RequestPageView.swift */ = {isa = PBXFileReference; fileEncoding = 4; lastKnownFileType = sourcecode.swift; path = RequestPageView.swift; sourceTree = "<group>"; };
/* End PBXFileReference section */

/* Begin PBXFrameworksBuildPhase section */
		423FB9342A61587E001C9EC5 /* Frameworks */ = {
			isa = PBXFrameworksBuildPhase;
			buildActionMask = 2147483647;
			files = (
			);
			runOnlyForDeploymentPostprocessing = 0;
		};
/* End PBXFrameworksBuildPhase section */

/* Begin PBXGroup section */
		423FB92E2A61587E001C9EC5 = {
			isa = PBXGroup;
			children = (
				423FB9392A61587E001C9EC5 /* team1nc3 */,
				423FB9382A61587E001C9EC5 /* Products */,
			);
			sourceTree = "<group>";
		};
		423FB9382A61587E001C9EC5 /* Products */ = {
			isa = PBXGroup;
			children = (
				423FB9372A61587E001C9EC5 /* team1nc3.app */,
			);
			name = Products;
			sourceTree = "<group>";
		};
		423FB9392A61587E001C9EC5 /* team1nc3 */ = {
			isa = PBXGroup;
			children = (
				423FB9482A615953001C9EC5 /* Config */,
				426A335D2A6BEA0A0056F792 /* Features */,
				423FB9492A61595B001C9EC5 /* Core */,
				423FB9562A615D67001C9EC5 /* ExampleCode */,
				423FB9402A615880001C9EC5 /* Preview Content */,
				423FB93C2A61587E001C9EC5 /* ContentView.swift */,
			);
			path = team1nc3;
			sourceTree = "<group>";
		};
		423FB9402A615880001C9EC5 /* Preview Content */ = {
			isa = PBXGroup;
			children = (
				423FB9412A615880001C9EC5 /* Preview Assets.xcassets */,
			);
			path = "Preview Content";
			sourceTree = "<group>";
		};
		423FB9482A615953001C9EC5 /* Config */ = {
			isa = PBXGroup;
			children = (
				423FB94B2A6159AE001C9EC5 /* Apps */,
				423FB94C2A6159B4001C9EC5 /* Resources */,
			);
			path = Config;
			sourceTree = "<group>";
		};
		423FB9492A61595B001C9EC5 /* Core */ = {
			isa = PBXGroup;
			children = (
				423FB94F2A6159E1001C9EC5 /* Data */,
				423FB94E2A6159DB001C9EC5 /* Utilities */,
				423FB94D2A6159D5001C9EC5 /* Constants */,
				423FB9502A6159E9001C9EC5 /* Themes */,
			);
			path = Core;
			sourceTree = "<group>";
		};
		423FB94B2A6159AE001C9EC5 /* Apps */ = {
			isa = PBXGroup;
			children = (
				423FB93A2A61587E001C9EC5 /* team1nc3App.swift */,
			);
			path = Apps;
			sourceTree = "<group>";
		};
		423FB94C2A6159B4001C9EC5 /* Resources */ = {
			isa = PBXGroup;
			children = (
				423FB93E2A615880001C9EC5 /* Assets.xcassets */,
			);
			path = Resources;
			sourceTree = "<group>";
		};
		423FB94D2A6159D5001C9EC5 /* Constants */ = {
			isa = PBXGroup;
			children = (
			);
			path = Constants;
			sourceTree = "<group>";
		};
		423FB94E2A6159DB001C9EC5 /* Utilities */ = {
			isa = PBXGroup;
			children = (
			);
			path = Utilities;
			sourceTree = "<group>";
		};
		423FB94F2A6159E1001C9EC5 /* Data */ = {
			isa = PBXGroup;
			children = (
			);
			path = Data;
			sourceTree = "<group>";
		};
		423FB9502A6159E9001C9EC5 /* Themes */ = {
			isa = PBXGroup;
			children = (
				423FB9512A615A12001C9EC5 /* Presentations */,
				423FB9AA2A65BBE2001C9EC5 /* Color+Theme.swift */,
			);
			path = Themes;
			sourceTree = "<group>";
		};
		423FB9512A615A12001C9EC5 /* Presentations */ = {
			isa = PBXGroup;
			children = (
			);
			path = Presentations;
			sourceTree = "<group>";
		};
		423FB9562A615D67001C9EC5 /* ExampleCode */ = {
			isa = PBXGroup;
			children = (
			);
			path = ExampleCode;
			sourceTree = "<group>";
		};
		426A335D2A6BEA0A0056F792 /* Features */ = {
			isa = PBXGroup;
			children = (
				426A335E2A6BEA0A0056F792 /* Home */,
				426A336A2A6BEA0A0056F792 /* AccountPage */,
				426A336E2A6BEA0A0056F792 /* TicketingPage */,
				426A33772A6BEA0A0056F792 /* Feature1 */,
				426A33822A6BEA0A0056F792 /* SettingPage */,
				426A33862A6BEA0A0056F792 /* AssistanceListDetailPage */,
				426A33922A6BEA0A0056F792 /* RequestPage */,
			);
			name = Features;
			path = ../../BuatPindahRepo/team1nc3/team1nc3/Features;
			sourceTree = "<group>";
		};
		426A335E2A6BEA0A0056F792 /* Home */ = {
			isa = PBXGroup;
			children = (
				426A335F2A6BEA0A0056F792 /* ViewModels */,
				426A33612A6BEA0A0056F792 /* Models */,
				426A33632A6BEA0A0056F792 /* Presentations */,
			);
			path = Home;
			sourceTree = "<group>";
		};
		426A335F2A6BEA0A0056F792 /* ViewModels */ = {
			isa = PBXGroup;
			children = (
				426A33602A6BEA0A0056F792 /* HomeViewModels.swift */,
			);
			path = ViewModels;
			sourceTree = "<group>";
		};
		426A33612A6BEA0A0056F792 /* Models */ = {
			isa = PBXGroup;
			children = (
				426A33622A6BEA0A0056F792 /* MenuModel.swift */,
			);
			path = Models;
			sourceTree = "<group>";
		};
		426A33632A6BEA0A0056F792 /* Presentations */ = {
			isa = PBXGroup;
			children = (
				426A33642A6BEA0A0056F792 /* Components */,
				426A33682A6BEA0A0056F792 /* Views */,
			);
			path = Presentations;
			sourceTree = "<group>";
		};
		426A33642A6BEA0A0056F792 /* Components */ = {
			isa = PBXGroup;
			children = (
				426A33652A6BEA0A0056F792 /* PointView.swift */,
				426A33662A6BEA0A0056F792 /* LifeStyleMenuView.swift */,
				426A33672A6BEA0A0056F792 /* MenuView.swift */,
			);
			path = Components;
			sourceTree = "<group>";
		};
		426A33682A6BEA0A0056F792 /* Views */ = {
			isa = PBXGroup;
			children = (
				426A33692A6BEA0A0056F792 /* HomeView.swift */,
			);
			path = Views;
			sourceTree = "<group>";
		};
		426A336A2A6BEA0A0056F792 /* AccountPage */ = {
			isa = PBXGroup;
			children = (
				426A336B2A6BEA0A0056F792 /* Presenters */,
			);
			path = AccountPage;
			sourceTree = "<group>";
		};
		426A336B2A6BEA0A0056F792 /* Presenters */ = {
			isa = PBXGroup;
			children = (
				426A336C2A6BEA0A0056F792 /* Views */,
			);
			path = Presenters;
			sourceTree = "<group>";
		};
		426A336C2A6BEA0A0056F792 /* Views */ = {
			isa = PBXGroup;
			children = (
				426A336D2A6BEA0A0056F792 /* AccountPageViews.swift */,
			);
			path = Views;
			sourceTree = "<group>";
		};
		426A336E2A6BEA0A0056F792 /* TicketingPage */ = {
			isa = PBXGroup;
			children = (
				426A336F2A6BEA0A0056F792 /* ViewModels */,
				426A33712A6BEA0A0056F792 /* Presenters */,
				426A33742A6BEA0A0056F792 /* Model */,
			);
			path = TicketingPage;
			sourceTree = "<group>";
		};
		426A336F2A6BEA0A0056F792 /* ViewModels */ = {
			isa = PBXGroup;
			children = (
				426A33702A6BEA0A0056F792 /* TicketDetailViewModel.swift */,
			);
			path = ViewModels;
			sourceTree = "<group>";
		};
		426A33712A6BEA0A0056F792 /* Presenters */ = {
			isa = PBXGroup;
			children = (
				426A33722A6BEA0A0056F792 /* TicketView.swift */,
				426A33732A6BEA0A0056F792 /* TicketListDetailViews.swift */,
			);
			path = Presenters;
			sourceTree = "<group>";
		};
		426A33742A6BEA0A0056F792 /* Model */ = {
			isa = PBXGroup;
			children = (
				426A33752A6BEA0A0056F792 /* TicketRepositorySample.swift */,
				426A33762A6BEA0A0056F792 /* TicketingModel.swift */,
			);
			path = Model;
			sourceTree = "<group>";
		};
		426A33772A6BEA0A0056F792 /* Feature1 */ = {
			isa = PBXGroup;
			children = (
				426A33782A6BEA0A0056F792 /* ViewModels */,
				426A337A2A6BEA0A0056F792 /* Models */,
				426A337D2A6BEA0A0056F792 /* Presentations */,
			);
			path = Feature1;
			sourceTree = "<group>";
		};
		426A33782A6BEA0A0056F792 /* ViewModels */ = {
			isa = PBXGroup;
			children = (
				426A33792A6BEA0A0056F792 /* Feature1ViewModel.swift */,
			);
			path = ViewModels;
			sourceTree = "<group>";
		};
		426A337A2A6BEA0A0056F792 /* Models */ = {
			isa = PBXGroup;
			children = (
				426A337B2A6BEA0A0056F792 /* Feature1RepositorySample.swift */,
				426A337C2A6BEA0A0056F792 /* Feature1Model.swift */,
			);
			path = Models;
			sourceTree = "<group>";
		};
		426A337D2A6BEA0A0056F792 /* Presentations */ = {
			isa = PBXGroup;
			children = (
				426A337E2A6BEA0A0056F792 /* Components */,
				426A33802A6BEA0A0056F792 /* Views */,
			);
			path = Presentations;
			sourceTree = "<group>";
		};
		426A337E2A6BEA0A0056F792 /* Components */ = {
			isa = PBXGroup;
			children = (
				426A337F2A6BEA0A0056F792 /* Feature1Component1.swift */,
			);
			path = Components;
			sourceTree = "<group>";
		};
		426A33802A6BEA0A0056F792 /* Views */ = {
			isa = PBXGroup;
			children = (
				426A33812A6BEA0A0056F792 /* Feature1View.swift */,
			);
			path = Views;
			sourceTree = "<group>";
		};
		426A33822A6BEA0A0056F792 /* SettingPage */ = {
			isa = PBXGroup;
			children = (
				426A33832A6BEA0A0056F792 /* Presenters */,
			);
			path = SettingPage;
			sourceTree = "<group>";
		};
		426A33832A6BEA0A0056F792 /* Presenters */ = {
			isa = PBXGroup;
			children = (
				426A33842A6BEA0A0056F792 /* Views */,
			);
			path = Presenters;
			sourceTree = "<group>";
		};
		426A33842A6BEA0A0056F792 /* Views */ = {
			isa = PBXGroup;
			children = (
				426A33852A6BEA0A0056F792 /* SettingView.swift */,
			);
			path = Views;
			sourceTree = "<group>";
		};
		426A33862A6BEA0A0056F792 /* AssistanceListDetailPage */ = {
			isa = PBXGroup;
			children = (
				426A33872A6BEA0A0056F792 /* ViewModels */,
				426A33892A6BEA0A0056F792 /* Models */,
				426A338C2A6BEA0A0056F792 /* Presentasions */,
			);
			path = AssistanceListDetailPage;
			sourceTree = "<group>";
		};
		426A33872A6BEA0A0056F792 /* ViewModels */ = {
			isa = PBXGroup;
			children = (
				426A33882A6BEA0A0056F792 /* AssitanceListDetailViewModel.swift */,
			);
			path = ViewModels;
			sourceTree = "<group>";
		};
		426A33892A6BEA0A0056F792 /* Models */ = {
			isa = PBXGroup;
			children = (
				426A338A2A6BEA0A0056F792 /* ProfileRepositorySample.swift */,
				426A338B2A6BEA0A0056F792 /* ProfileModel.swift */,
			);
			path = Models;
			sourceTree = "<group>";
		};
		426A338C2A6BEA0A0056F792 /* Presentasions */ = {
			isa = PBXGroup;
			children = (
				426A338D2A6BEA0A0056F792 /* Components */,
				426A33902A6BEA0A0056F792 /* Views */,
			);
			path = Presentasions;
			sourceTree = "<group>";
		};
		426A338D2A6BEA0A0056F792 /* Components */ = {
			isa = PBXGroup;
			children = (
				426A338E2A6BEA0A0056F792 /* HeightPreferenceKey.swift */,
				426A338F2A6BEA0A0056F792 /* RoundedCorner.swift */,
			);
			path = Components;
			sourceTree = "<group>";
		};
		426A33902A6BEA0A0056F792 /* Views */ = {
			isa = PBXGroup;
			children = (
				426A33912A6BEA0A0056F792 /* AssistanceListDetailViews.swift */,
			);
			path = Views;
			sourceTree = "<group>";
		};
		426A33922A6BEA0A0056F792 /* RequestPage */ = {
			isa = PBXGroup;
			children = (
				426A33932A6BEA0A0056F792 /* Models */,
				426A33952A6BEA0A0056F792 /* Presentations */,
			);
			path = RequestPage;
			sourceTree = "<group>";
		};
		426A33932A6BEA0A0056F792 /* Models */ = {
			isa = PBXGroup;
			children = (
				426A33942A6BEA0A0056F792 /* RequestDataModel.swift */,
			);
			path = Models;
			sourceTree = "<group>";
		};
		426A33952A6BEA0A0056F792 /* Presentations */ = {
			isa = PBXGroup;
			children = (
				426A33962A6BEA0A0056F792 /* Components */,
				426A339A2A6BEA0A0056F792 /* Views */,
			);
			path = Presentations;
			sourceTree = "<group>";
		};
		426A33962A6BEA0A0056F792 /* Components */ = {
			isa = PBXGroup;
			children = (
				426A33972A6BEA0A0056F792 /* DropDownView.swift */,
				426A33982A6BEA0A0056F792 /* MenuSection.swift */,
				426A33992A6BEA0A0056F792 /* ExpandedList.swift */,
			);
			path = Components;
			sourceTree = "<group>";
		};
		426A339A2A6BEA0A0056F792 /* Views */ = {
			isa = PBXGroup;
			children = (
				426A339B2A6BEA0A0056F792 /* RequestPageView.swift */,
			);
			path = Views;
			sourceTree = "<group>";
		};
/* End PBXGroup section */

/* Begin PBXNativeTarget section */
		423FB9362A61587E001C9EC5 /* team1nc3 */ = {
			isa = PBXNativeTarget;
			buildConfigurationList = 423FB9452A615880001C9EC5 /* Build configuration list for PBXNativeTarget "team1nc3" */;
			buildPhases = (
				423FB9332A61587E001C9EC5 /* Sources */,
				423FB9342A61587E001C9EC5 /* Frameworks */,
				423FB9352A61587E001C9EC5 /* Resources */,
			);
			buildRules = (
			);
			dependencies = (
			);
			name = team1nc3;
			productName = team1nc3;
			productReference = 423FB9372A61587E001C9EC5 /* team1nc3.app */;
			productType = "com.apple.product-type.application";
		};
/* End PBXNativeTarget section */

/* Begin PBXProject section */
		423FB92F2A61587E001C9EC5 /* Project object */ = {
			isa = PBXProject;
			attributes = {
				BuildIndependentTargetsInParallel = 1;
				LastSwiftUpdateCheck = 1420;
				LastUpgradeCheck = 1420;
				TargetAttributes = {
					423FB9362A61587E001C9EC5 = {
						CreatedOnToolsVersion = 14.2;
					};
				};
			};
			buildConfigurationList = 423FB9322A61587E001C9EC5 /* Build configuration list for PBXProject "team1nc3" */;
			compatibilityVersion = "Xcode 14.0";
			developmentRegion = en;
			hasScannedForEncodings = 0;
			knownRegions = (
				en,
				Base,
			);
			mainGroup = 423FB92E2A61587E001C9EC5;
			productRefGroup = 423FB9382A61587E001C9EC5 /* Products */;
			projectDirPath = "";
			projectRoot = "";
			targets = (
				423FB9362A61587E001C9EC5 /* team1nc3 */,
			);
		};
/* End PBXProject section */

/* Begin PBXResourcesBuildPhase section */
		423FB9352A61587E001C9EC5 /* Resources */ = {
			isa = PBXResourcesBuildPhase;
			buildActionMask = 2147483647;
			files = (
				423FB9422A615880001C9EC5 /* Preview Assets.xcassets in Resources */,
				423FB93F2A615880001C9EC5 /* Assets.xcassets in Resources */,
			);
			runOnlyForDeploymentPostprocessing = 0;
		};
/* End PBXResourcesBuildPhase section */

/* Begin PBXSourcesBuildPhase section */
		423FB9332A61587E001C9EC5 /* Sources */ = {
			isa = PBXSourcesBuildPhase;
			buildActionMask = 2147483647;
			files = (
				426A33B12A6BEA0A0056F792 /* HeightPreferenceKey.swift in Sources */,
				426A33AF2A6BEA0A0056F792 /* ProfileRepositorySample.swift in Sources */,
				426A33A12A6BEA0A0056F792 /* HomeView.swift in Sources */,
				426A33B32A6BEA0A0056F792 /* AssistanceListDetailViews.swift in Sources */,
				423FB9AB2A65BBE2001C9EC5 /* Color+Theme.swift in Sources */,
				426A33B22A6BEA0A0056F792 /* RoundedCorner.swift in Sources */,
				426A33A02A6BEA0A0056F792 /* MenuView.swift in Sources */,
				426A33AD2A6BEA0A0056F792 /* SettingView.swift in Sources */,
				426A33A32A6BEA0A0056F792 /* TicketDetailViewModel.swift in Sources */,
				423FB93D2A61587E001C9EC5 /* ContentView.swift in Sources */,
				426A33B62A6BEA0A0056F792 /* MenuSection.swift in Sources */,
				426A339D2A6BEA0A0056F792 /* MenuModel.swift in Sources */,
				426A33A42A6BEA0A0056F792 /* TicketView.swift in Sources */,
				426A339E2A6BEA0A0056F792 /* PointView.swift in Sources */,
				426A33AB2A6BEA0A0056F792 /* Feature1Component1.swift in Sources */,
				423FB93B2A61587E001C9EC5 /* team1nc3App.swift in Sources */,
				426A33AE2A6BEA0A0056F792 /* AssitanceListDetailViewModel.swift in Sources */,
				426A33B82A6BEA0A0056F792 /* RequestPageView.swift in Sources */,
				426A33A92A6BEA0A0056F792 /* Feature1RepositorySample.swift in Sources */,
				426A33AA2A6BEA0A0056F792 /* Feature1Model.swift in Sources */,
				426A33B02A6BEA0A0056F792 /* ProfileModel.swift in Sources */,
				426A339F2A6BEA0A0056F792 /* LifeStyleMenuView.swift in Sources */,
				426A33B72A6BEA0A0056F792 /* ExpandedList.swift in Sources */,
				426A33AC2A6BEA0A0056F792 /* Feature1View.swift in Sources */,
				426A33A72A6BEA0A0056F792 /* TicketingModel.swift in Sources */,
				426A33A82A6BEA0A0056F792 /* Feature1ViewModel.swift in Sources */,
				426A339C2A6BEA0A0056F792 /* HomeViewModels.swift in Sources */,
				426A33A62A6BEA0A0056F792 /* TicketRepositorySample.swift in Sources */,
				426A33B52A6BEA0A0056F792 /* DropDownView.swift in Sources */,
				426A33B42A6BEA0A0056F792 /* RequestDataModel.swift in Sources */,
				426A33A22A6BEA0A0056F792 /* AccountPageViews.swift in Sources */,
				426A33A52A6BEA0A0056F792 /* TicketListDetailViews.swift in Sources */,
			);
			runOnlyForDeploymentPostprocessing = 0;
		};
/* End PBXSourcesBuildPhase section */

/* Begin XCBuildConfiguration section */
		423FB9432A615880001C9EC5 /* Debug */ = {
			isa = XCBuildConfiguration;
			buildSettings = {
				ALWAYS_SEARCH_USER_PATHS = NO;
				CLANG_ANALYZER_NONNULL = YES;
				CLANG_ANALYZER_NUMBER_OBJECT_CONVERSION = YES_AGGRESSIVE;
				CLANG_CXX_LANGUAGE_STANDARD = "gnu++20";
				CLANG_ENABLE_MODULES = YES;
				CLANG_ENABLE_OBJC_ARC = YES;
				CLANG_ENABLE_OBJC_WEAK = YES;
				CLANG_WARN_BLOCK_CAPTURE_AUTORELEASING = YES;
				CLANG_WARN_BOOL_CONVERSION = YES;
				CLANG_WARN_COMMA = YES;
				CLANG_WARN_CONSTANT_CONVERSION = YES;
				CLANG_WARN_DEPRECATED_OBJC_IMPLEMENTATIONS = YES;
				CLANG_WARN_DIRECT_OBJC_ISA_USAGE = YES_ERROR;
				CLANG_WARN_DOCUMENTATION_COMMENTS = YES;
				CLANG_WARN_EMPTY_BODY = YES;
				CLANG_WARN_ENUM_CONVERSION = YES;
				CLANG_WARN_INFINITE_RECURSION = YES;
				CLANG_WARN_INT_CONVERSION = YES;
				CLANG_WARN_NON_LITERAL_NULL_CONVERSION = YES;
				CLANG_WARN_OBJC_IMPLICIT_RETAIN_SELF = YES;
				CLANG_WARN_OBJC_LITERAL_CONVERSION = YES;
				CLANG_WARN_OBJC_ROOT_CLASS = YES_ERROR;
				CLANG_WARN_QUOTED_INCLUDE_IN_FRAMEWORK_HEADER = YES;
				CLANG_WARN_RANGE_LOOP_ANALYSIS = YES;
				CLANG_WARN_STRICT_PROTOTYPES = YES;
				CLANG_WARN_SUSPICIOUS_MOVE = YES;
				CLANG_WARN_UNGUARDED_AVAILABILITY = YES_AGGRESSIVE;
				CLANG_WARN_UNREACHABLE_CODE = YES;
				CLANG_WARN__DUPLICATE_METHOD_MATCH = YES;
				COPY_PHASE_STRIP = NO;
				DEBUG_INFORMATION_FORMAT = dwarf;
				ENABLE_STRICT_OBJC_MSGSEND = YES;
				ENABLE_TESTABILITY = YES;
				GCC_C_LANGUAGE_STANDARD = gnu11;
				GCC_DYNAMIC_NO_PIC = NO;
				GCC_NO_COMMON_BLOCKS = YES;
				GCC_OPTIMIZATION_LEVEL = 0;
				GCC_PREPROCESSOR_DEFINITIONS = (
					"DEBUG=1",
					"$(inherited)",
				);
				GCC_WARN_64_TO_32_BIT_CONVERSION = YES;
				GCC_WARN_ABOUT_RETURN_TYPE = YES_ERROR;
				GCC_WARN_UNDECLARED_SELECTOR = YES;
				GCC_WARN_UNINITIALIZED_AUTOS = YES_AGGRESSIVE;
				GCC_WARN_UNUSED_FUNCTION = YES;
				GCC_WARN_UNUSED_VARIABLE = YES;
				IPHONEOS_DEPLOYMENT_TARGET = 16.2;
				MTL_ENABLE_DEBUG_INFO = INCLUDE_SOURCE;
				MTL_FAST_MATH = YES;
				ONLY_ACTIVE_ARCH = YES;
				SDKROOT = iphoneos;
				SWIFT_ACTIVE_COMPILATION_CONDITIONS = DEBUG;
				SWIFT_OPTIMIZATION_LEVEL = "-Onone";
			};
			name = Debug;
		};
		423FB9442A615880001C9EC5 /* Release */ = {
			isa = XCBuildConfiguration;
			buildSettings = {
				ALWAYS_SEARCH_USER_PATHS = NO;
				CLANG_ANALYZER_NONNULL = YES;
				CLANG_ANALYZER_NUMBER_OBJECT_CONVERSION = YES_AGGRESSIVE;
				CLANG_CXX_LANGUAGE_STANDARD = "gnu++20";
				CLANG_ENABLE_MODULES = YES;
				CLANG_ENABLE_OBJC_ARC = YES;
				CLANG_ENABLE_OBJC_WEAK = YES;
				CLANG_WARN_BLOCK_CAPTURE_AUTORELEASING = YES;
				CLANG_WARN_BOOL_CONVERSION = YES;
				CLANG_WARN_COMMA = YES;
				CLANG_WARN_CONSTANT_CONVERSION = YES;
				CLANG_WARN_DEPRECATED_OBJC_IMPLEMENTATIONS = YES;
				CLANG_WARN_DIRECT_OBJC_ISA_USAGE = YES_ERROR;
				CLANG_WARN_DOCUMENTATION_COMMENTS = YES;
				CLANG_WARN_EMPTY_BODY = YES;
				CLANG_WARN_ENUM_CONVERSION = YES;
				CLANG_WARN_INFINITE_RECURSION = YES;
				CLANG_WARN_INT_CONVERSION = YES;
				CLANG_WARN_NON_LITERAL_NULL_CONVERSION = YES;
				CLANG_WARN_OBJC_IMPLICIT_RETAIN_SELF = YES;
				CLANG_WARN_OBJC_LITERAL_CONVERSION = YES;
				CLANG_WARN_OBJC_ROOT_CLASS = YES_ERROR;
				CLANG_WARN_QUOTED_INCLUDE_IN_FRAMEWORK_HEADER = YES;
				CLANG_WARN_RANGE_LOOP_ANALYSIS = YES;
				CLANG_WARN_STRICT_PROTOTYPES = YES;
				CLANG_WARN_SUSPICIOUS_MOVE = YES;
				CLANG_WARN_UNGUARDED_AVAILABILITY = YES_AGGRESSIVE;
				CLANG_WARN_UNREACHABLE_CODE = YES;
				CLANG_WARN__DUPLICATE_METHOD_MATCH = YES;
				COPY_PHASE_STRIP = NO;
				DEBUG_INFORMATION_FORMAT = "dwarf-with-dsym";
				ENABLE_NS_ASSERTIONS = NO;
				ENABLE_STRICT_OBJC_MSGSEND = YES;
				GCC_C_LANGUAGE_STANDARD = gnu11;
				GCC_NO_COMMON_BLOCKS = YES;
				GCC_WARN_64_TO_32_BIT_CONVERSION = YES;
				GCC_WARN_ABOUT_RETURN_TYPE = YES_ERROR;
				GCC_WARN_UNDECLARED_SELECTOR = YES;
				GCC_WARN_UNINITIALIZED_AUTOS = YES_AGGRESSIVE;
				GCC_WARN_UNUSED_FUNCTION = YES;
				GCC_WARN_UNUSED_VARIABLE = YES;
				IPHONEOS_DEPLOYMENT_TARGET = 16.2;
				MTL_ENABLE_DEBUG_INFO = NO;
				MTL_FAST_MATH = YES;
				SDKROOT = iphoneos;
				SWIFT_COMPILATION_MODE = wholemodule;
				SWIFT_OPTIMIZATION_LEVEL = "-O";
				VALIDATE_PRODUCT = YES;
			};
			name = Release;
		};
		423FB9462A615880001C9EC5 /* Debug */ = {
			isa = XCBuildConfiguration;
			buildSettings = {
				ASSETCATALOG_COMPILER_APPICON_NAME = AppIcon;
				ASSETCATALOG_COMPILER_GLOBAL_ACCENT_COLOR_NAME = AccentColor;
				CODE_SIGN_STYLE = Automatic;
				CURRENT_PROJECT_VERSION = 1;
				DEVELOPMENT_ASSET_PATHS = "\"team1nc3/Preview Content\"";
				DEVELOPMENT_TEAM = CUPB4VV6K2;
				ENABLE_PREVIEWS = YES;
				GENERATE_INFOPLIST_FILE = YES;
				INFOPLIST_KEY_UIApplicationSceneManifest_Generation = YES;
				INFOPLIST_KEY_UIApplicationSupportsIndirectInputEvents = YES;
				INFOPLIST_KEY_UILaunchScreen_Generation = YES;
				INFOPLIST_KEY_UISupportedInterfaceOrientations_iPad = "UIInterfaceOrientationPortrait UIInterfaceOrientationPortraitUpsideDown UIInterfaceOrientationLandscapeLeft UIInterfaceOrientationLandscapeRight";
				INFOPLIST_KEY_UISupportedInterfaceOrientations_iPhone = "UIInterfaceOrientationPortrait UIInterfaceOrientationLandscapeLeft UIInterfaceOrientationLandscapeRight";
				LD_RUNPATH_SEARCH_PATHS = (
					"$(inherited)",
					"@executable_path/Frameworks",
				);
				MARKETING_VERSION = 1.0;
				PRODUCT_BUNDLE_IDENTIFIER = josh.team1nc3;
				PRODUCT_NAME = "$(TARGET_NAME)";
				SWIFT_EMIT_LOC_STRINGS = YES;
				SWIFT_VERSION = 5.0;
				TARGETED_DEVICE_FAMILY = "1,2";
			};
			name = Debug;
		};
		423FB9472A615880001C9EC5 /* Release */ = {
			isa = XCBuildConfiguration;
			buildSettings = {
				ASSETCATALOG_COMPILER_APPICON_NAME = AppIcon;
				ASSETCATALOG_COMPILER_GLOBAL_ACCENT_COLOR_NAME = AccentColor;
				CODE_SIGN_STYLE = Automatic;
				CURRENT_PROJECT_VERSION = 1;
				DEVELOPMENT_ASSET_PATHS = "\"team1nc3/Preview Content\"";
				DEVELOPMENT_TEAM = CUPB4VV6K2;
				ENABLE_PREVIEWS = YES;
				GENERATE_INFOPLIST_FILE = YES;
				INFOPLIST_KEY_UIApplicationSceneManifest_Generation = YES;
				INFOPLIST_KEY_UIApplicationSupportsIndirectInputEvents = YES;
				INFOPLIST_KEY_UILaunchScreen_Generation = YES;
				INFOPLIST_KEY_UISupportedInterfaceOrientations_iPad = "UIInterfaceOrientationPortrait UIInterfaceOrientationPortraitUpsideDown UIInterfaceOrientationLandscapeLeft UIInterfaceOrientationLandscapeRight";
				INFOPLIST_KEY_UISupportedInterfaceOrientations_iPhone = "UIInterfaceOrientationPortrait UIInterfaceOrientationLandscapeLeft UIInterfaceOrientationLandscapeRight";
				LD_RUNPATH_SEARCH_PATHS = (
					"$(inherited)",
					"@executable_path/Frameworks",
				);
				MARKETING_VERSION = 1.0;
				PRODUCT_BUNDLE_IDENTIFIER = josh.team1nc3;
				PRODUCT_NAME = "$(TARGET_NAME)";
				SWIFT_EMIT_LOC_STRINGS = YES;
				SWIFT_VERSION = 5.0;
				TARGETED_DEVICE_FAMILY = "1,2";
			};
			name = Release;
		};
/* End XCBuildConfiguration section */

/* Begin XCConfigurationList section */
		423FB9322A61587E001C9EC5 /* Build configuration list for PBXProject "team1nc3" */ = {
			isa = XCConfigurationList;
			buildConfigurations = (
				423FB9432A615880001C9EC5 /* Debug */,
				423FB9442A615880001C9EC5 /* Release */,
			);
			defaultConfigurationIsVisible = 0;
			defaultConfigurationName = Release;
		};
		423FB9452A615880001C9EC5 /* Build configuration list for PBXNativeTarget "team1nc3" */ = {
			isa = XCConfigurationList;
			buildConfigurations = (
				423FB9462A615880001C9EC5 /* Debug */,
				423FB9472A615880001C9EC5 /* Release */,
			);
			defaultConfigurationIsVisible = 0;
			defaultConfigurationName = Release;
		};
/* End XCConfigurationList section */
	};
	rootObject = 423FB92F2A61587E001C9EC5 /* Project object */;
}
